dependencies:
- name: insight-gateway
  repository: file://../../src/backend/services/gateway/helm
  version: 0.1.0
- name: insight-authenticator
  repository: file://../../src/backend/services/authenticator/helm
  version: 0.1.0
- name: insight-fakeidp
  repository: file://../../src/backend/services/fakeidp/helm
  version: 0.1.0
- name: insight-keycloak
  repository: file://../../src/backend/services/keycloak/helm
  version: 0.1.0
- name: insight-analytics
  repository: file://../../src/backend/services/analytics/helm
  version: 0.2.0
- name: insight-identity
  repository: file://../../src/backend/services/identity/helm
  version: 0.1.0
- name: insight-frontend
  repository: file://../../src/frontend/helm
  version: 0.1.0
digest: sha256:3e5bb801b6b74d639fa2209e5ae039fb3b14488669cf2ebfdbd4740913b7123e
generated: "2026-07-20T12:43:38.603586+08:00"
